<?xml version="1.0" encoding="utf-8"?>
<Project ToolsVersion="4.0" xmlns="http://schemas.microsoft.com/developer/msbuild/2003">
  <ItemGroup>
    <Filter Include="Source Files">
      <UniqueIdentifier>{4FC737F1-C7A5-4376-A066-2A32D752A2FF}</UniqueIdentifier>
      <Extensions>cpp;c;cc;cxx;def;odl;idl;hpj;bat;asm;asmx</Extensions>
    </Filter>
    <Filter Include="Header Files">
      <UniqueIdentifier>{93995380-89BD-4b04-88EB-625FBE52EBFB}</UniqueIdentifier>
      <Extensions>h;hpp;hxx;hm;inl;inc;xsd</Extensions>
    </Filter>
    <Filter Include="Resource Files">
      <UniqueIdentifier>{67DA6AB6-F800-4c08-8B7A-83BB121AAD01}</UniqueIdentifier>
      <Extensions>rc;ico;cur;bmp;dlg;rc2;rct;bin;rgs;gif;jpg;jpeg;jpe;resx;tiff;tif;png;wav;mfcribbon-ms</Extensions>
    </Filter>
    <Filter Include="Data">
      <UniqueIdentifier>{8cb266ff-336c-4b22-9163-4d4ed01b19c8}</UniqueIdentifier>
    </Filter>
  </ItemGroup>
  <ItemGroup>
    <None Include="ReadMe.txt" />
    <None Include="Li.V1.def">
      <Filter>Source Files</Filter>
    </None>
    <None Include="res\LiV1.rc2">
      <Filter>Resource Files</Filter>
    </None>
    <None Include="..\Default.ini">
      <Filter>Data</Filter>
    </None>
  </ItemGroup>
  <ItemGroup>
    <ClCompile Include="Li.V1.cpp">
      <Filter>Source Files</Filter>
    </ClCompile>
    <ClCompile Include="dllmain.cpp">
      <Filter>Source Files</Filter>
    </ClCompile>
    <ClCompile Include="stdafx.cpp">
      <Filter>Source Files</Filter>
    </ClCompile>
    <ClCompile Include="MainView.cpp">
      <Filter>Source Files</Filter>
    </ClCompile>
    <ClCompile Include="DebugView.cpp">
      <Filter>Source Files</Filter>
    </ClCompile>
    <ClCompile Include="DebugViewToolBar.cpp">
      <Filter>Source Files</Filter>
    </ClCompile>
    <ClCompile Include="DebugDlg.cpp">
      <Filter>Source Files</Filter>
    </ClCompile>
    <ClCompile Include="OptionDlg.cpp">
      <Filter>Source Files</Filter>
    </ClCompile>
    <ClCompile Include="USB3Camera.cpp">
      <Filter>Source Files</Filter>
    </ClCompile>
    <ClCompile Include="CameraConfigureInfo.cpp">
      <Filter>Source Files</Filter>
    </ClCompile>
    <ClCompile Include="DebugSetDlg.cpp">
      <Filter>Source Files</Filter>
    </ClCompile>
    <ClCompile Include="SetInfo.cpp">
      <Filter>Source Files</Filter>
    </ClCompile>
    <ClCompile Include="SetInfoHelper.cpp">
      <Filter>Source Files</Filter>
    </ClCompile>
    <ClCompile Include="SystemHelper.cpp">
      <Filter>Source Files</Filter>
    </ClCompile>
    <ClCompile Include="CameraConfigureInfoHelper.cpp">
      <Filter>Source Files</Filter>
    </ClCompile>
    <ClCompile Include="mi_DDlib.cpp">
      <Filter>Source Files</Filter>
    </ClCompile>
    <ClCompile Include="mi_Utils.cpp">
      <Filter>Source Files</Filter>
    </ClCompile>
    <ClCompile Include="LogTool.cpp">
      <Filter>Source Files</Filter>
    </ClCompile>
    <ClCompile Include="CameraDataProcess.cpp">
      <Filter>Source Files</Filter>
    </ClCompile>
    <ClCompile Include="Display.cpp">
      <Filter>Source Files</Filter>
    </ClCompile>
  </ItemGroup>
  <ItemGroup>
    <ClInclude Include="stdafx.h">
      <Filter>Header Files</Filter>
    </ClInclude>
    <ClInclude Include="targetver.h">
      <Filter>Header Files</Filter>
    </ClInclude>
    <ClInclude Include="Resource.h">
      <Filter>Header Files</Filter>
    </ClInclude>
    <ClInclude Include="MainView.h">
      <Filter>Header Files</Filter>
    </ClInclude>
    <ClInclude Include="DebugView.h">
      <Filter>Header Files</Filter>
    </ClInclude>
    <ClInclude Include="DebugViewToolBar.h">
      <Filter>Header Files</Filter>
    </ClInclude>
    <ClInclude Include="CyAPI.h">
      <Filter>Header Files</Filter>
    </ClInclude>
    <ClInclude Include="CyUSB30_def.h">
      <Filter>Header Files</Filter>
    </ClInclude>
    <ClInclude Include="DebugDlg.h">
      <Filter>Header Files</Filter>
    </ClInclude>
    <ClInclude Include="OptionDlg.h">
      <Filter>Header Files</Filter>
    </ClInclude>
    <ClInclude Include="USB3Camera.h">
      <Filter>Header Files</Filter>
    </ClInclude>
    <ClInclude Include="CameraConfigureInfo.h">
      <Filter>Header Files</Filter>
    </ClInclude>
    <ClInclude Include="DebugSetDlg.h">
      <Filter>Header Files</Filter>
    </ClInclude>
    <ClInclude Include="SetInfo.h">
      <Filter>Header Files</Filter>
    </ClInclude>
    <ClInclude Include="SetInfoHelper.h">
      <Filter>Header Files</Filter>
    </ClInclude>
    <ClInclude Include="SystemHelper.h">
      <Filter>Header Files</Filter>
    </ClInclude>
    <ClInclude Include="CameraConfigureInfoHelper.h">
      <Filter>Header Files</Filter>
    </ClInclude>
    <ClInclude Include="mi_DDlib.h">
      <Filter>Header Files</Filter>
    </ClInclude>
    <ClInclude Include="mi_Utils.h">
      <Filter>Header Files</Filter>
    </ClInclude>
    <ClInclude Include="LogTool.h">
      <Filter>Header Files</Filter>
    </ClInclude>
    <ClInclude Include="CameraDataProcess.h">
      <Filter>Header Files</Filter>
    </ClInclude>
    <ClInclude Include="Display.h">
      <Filter>Header Files</Filter>
    </ClInclude>
    <ClInclude Include="MirrorStatus.h">
      <Filter>Header Files</Filter>
    </ClInclude>
  </ItemGroup>
  <ItemGroup>
    <ResourceCompile Include="Li.V1.rc">
      <Filter>Resource Files</Filter>
    </ResourceCompile>
  </ItemGroup>
  <ItemGroup>
    <Library Include="CyAPI.lib" />
  </ItemGroup>
</Project>